
Microsoft Visual Studio Solution File, Format Version 12.00
# Visual Studio Version 16
VisualStudioVersion = 16.0.28803.202
MinimumVisualStudioVersion = 10.0.40219.1
Project("{FAE04EC0-301F-11D3-BF4B-00C04F79EFBC}") = "Banco", "Banco\Banco.csproj", "{4510D3EC-E6DA-4C57-9807-437AA9DF06A5}"
EndProject
Global
	GlobalSection(SolutionConfigurationPlatforms) = preSolution
		Debug|Any CPU = Debug|Any CPU
		Release|Any CPU = Release|Any CPU
	EndGlobalSection
	GlobalSection(ProjectConfigurationPlatforms) = postSolution
		{4510D3EC-E6DA-4C57-9807-437AA9DF06A5}.Debug|Any CPU.ActiveCfg = Debug|Any CPU
		{4510D3EC-E6DA-4C57-9807-437AA9DF06A5}.Debug|Any CPU.Build.0 = Debug|Any CPU
		{4510D3EC-E6DA-4C57-9807-437AA9DF06A5}.Release|Any CPU.ActiveCfg = Release|Any CPU
		{4510D3EC-E6DA-4C57-9807-437AA9DF06A5}.Release|Any CPU.Build.0 = Release|Any CPU
	EndGlobalSection
	GlobalSection(SolutionProperties) = preSolution
		HideSolutionNode = FALSE
	EndGlobalSection
	GlobalSection(ExtensibilityGlobals) = postSolution
		SolutionGuid = {8A0713B5-40B3-44A2-9660-71C60ED5FDD9}
	EndGlobalSection
EndGlobal
